// !$*UTF8*$!
{
	archiveVersion = 1;
	classes = {
	};
	objectVersion = 50;
	objects = {

/* Begin PBXGroup section */
		FA50BE882577A3E300EF9C19 = {
			isa = PBXGroup;
			children = (
			);
			sourceTree = "<group>";
		};
/* End PBXGroup section */

/* Begin PBXProject section */
		FA50BE892577A3E300EF9C19 /* Project object */ = {
			isa = PBXProject;
			attributes = {
				LastUpgradeCheck = 1200;
			};
			buildConfigurationList = FA50BE8C2577A3E300EF9C19 /* Build configuration list for PBXProject "C++ Tutorial" */;
			compatibilityVersion = "Xcode 9.3";
			developmentRegion = en;
			hasScannedForEncodings = 0;
			knownRegions = (
				en,
				Base,
			);
			mainGroup = FA50BE882577A3E300EF9C19;
			projectDirPath = "";
			projectRoot = "";
			targets = (
			);
		};
/* End PBXProject section */

/* Begin XCBuildConfiguration section */
		FA50BE8D2577A3E300EF9C19 /* Debug */ = {
			isa = XCBuildConfiguration;
			buildSettings = {
			};
			name = Debug;
		};
		FA50BE8E2577A3E300EF9C19 /* Release */ = {
			isa = XCBuildConfiguration;
			buildSettings = {
			};
			name = Release;
		};
/* End XCBuildConfiguration section */

/* Begin XCConfigurationList section */
		FA50BE8C2577A3E300EF9C19 /* Build configuration list for PBXProject "C++ Tutorial" */ = {
			isa = XCConfigurationList;
			buildConfigurations = (
				FA50BE8D2577A3E300EF9C19 /* Debug */,
				FA50BE8E2577A3E300EF9C19 /* Release */,
			);
			defaultConfigurationIsVisible = 0;
			defaultConfigurationName = Release;
		};
/* End XCConfigurationList section */
	};
	rootObject = FA50BE892577A3E300EF9C19 /* Project object */;
}
